
Microsoft Visual Studio Solution File, Format Version 12.00
# Visual Studio Version 17
VisualStudioVersion = 17.9.34723.18
MinimumVisualStudioVersion = 10.0.40219.1
Project("{FAE04EC0-301F-11D3-BF4B-00C04F79EFBC}") = "10th", "10th\10th.csproj", "{A6098E9C-D120-4523-9F76-2B7D7A7F192E}"
EndProject
Global
	GlobalSection(SolutionConfigurationPlatforms) = preSolution
		Debug|Any CPU = Debug|Any CPU
		Release|Any CPU = Release|Any CPU
	EndGlobalSection
	GlobalSection(ProjectConfigurationPlatforms) = postSolution
		{A6098E9C-D120-4523-9F76-2B7D7A7F192E}.Debug|Any CPU.ActiveCfg = Debug|Any CPU
		{A6098E9C-D120-4523-9F76-2B7D7A7F192E}.Debug|Any CPU.Build.0 = Debug|Any CPU
		{A6098E9C-D120-4523-9F76-2B7D7A7F192E}.Release|Any CPU.ActiveCfg = Release|Any CPU
		{A6098E9C-D120-4523-9F76-2B7D7A7F192E}.Release|Any CPU.Build.0 = Release|Any CPU
	EndGlobalSection
	GlobalSection(SolutionProperties) = preSolution
		HideSolutionNode = FALSE
	EndGlobalSection
	GlobalSection(ExtensibilityGlobals) = postSolution
		SolutionGuid = {E8CE333E-09A1-40C4-8194-218CC323AC0B}
	EndGlobalSection
EndGlobal
